
Microsoft Visual Studio Solution File, Format Version 12.00
# Visual Studio Version 17
VisualStudioVersion = 17.14.36705.20 d17.14
MinimumVisualStudioVersion = 10.0.40219.1
Project("{FAE04EC0-301F-11D3-BF4B-00C04F79EFBC}") = "StringTools", "StringTools.csproj", "{7FCDFCC3-459C-43F4-B9C7-F5A78F5BE6F1}"
EndProject
Global
	GlobalSection(SolutionConfigurationPlatforms) = preSolution
		Debug|Any CPU = Debug|Any CPU
		Release|Any CPU = Release|Any CPU
	EndGlobalSection
	GlobalSection(ProjectConfigurationPlatforms) = postSolution
		{7FCDFCC3-459C-43F4-B9C7-F5A78F5BE6F1}.Debug|Any CPU.ActiveCfg = Debug|Any CPU
		{7FCDFCC3-459C-43F4-B9C7-F5A78F5BE6F1}.Debug|Any CPU.Build.0 = Debug|Any CPU
		{7FCDFCC3-459C-43F4-B9C7-F5A78F5BE6F1}.Release|Any CPU.ActiveCfg = Release|Any CPU
		{7FCDFCC3-459C-43F4-B9C7-F5A78F5BE6F1}.Release|Any CPU.Build.0 = Release|Any CPU
	EndGlobalSection
	GlobalSection(SolutionProperties) = preSolution
		HideSolutionNode = FALSE
	EndGlobalSection
	GlobalSection(ExtensibilityGlobals) = postSolution
		SolutionGuid = {2997DD75-2797-431B-B5D6-FCF9BA75387D}
	EndGlobalSection
EndGlobal
